
Microsoft Visual Studio Solution File, Format Version 12.00
# Visual Studio Version 16
VisualStudioVersion = 16.0.31321.278
MinimumVisualStudioVersion = 10.0.40219.1
Project("{FAE04EC0-301F-11D3-BF4B-00C04F79EFBC}") = "ElectronicJournal", "ElectronicJournal\ElectronicJournal.csproj", "{F27B4328-17C2-4643-9876-A4AB8B15C28F}"
EndProject
Global
	GlobalSection(SolutionConfigurationPlatforms) = preSolution
		Debug|Any CPU = Debug|Any CPU
		Release|Any CPU = Release|Any CPU
	EndGlobalSection
	GlobalSection(ProjectConfigurationPlatforms) = postSolution
		{F27B4328-17C2-4643-9876-A4AB8B15C28F}.Debug|Any CPU.ActiveCfg = Debug|Any CPU
		{F27B4328-17C2-4643-9876-A4AB8B15C28F}.Debug|Any CPU.Build.0 = Debug|Any CPU
		{F27B4328-17C2-4643-9876-A4AB8B15C28F}.Release|Any CPU.ActiveCfg = Release|Any CPU
		{F27B4328-17C2-4643-9876-A4AB8B15C28F}.Release|Any CPU.Build.0 = Release|Any CPU
	EndGlobalSection
	GlobalSection(SolutionProperties) = preSolution
		HideSolutionNode = FALSE
	EndGlobalSection
	GlobalSection(ExtensibilityGlobals) = postSolution
		SolutionGuid = {8B239C2B-F0A8-4A64-BDC1-27580209EA35}
	EndGlobalSection
EndGlobal
